
Microsoft Visual Studio Solution File, Format Version 12.00
Project("{FAE04EC0-301F-11D3-BF4B-00C04F79EFBC}") = "GetFun", "GetFun.csproj", "{EBA391B6-764A-4B55-A9D7-D503766FA156}"
EndProject
Global
	GlobalSection(SolutionConfigurationPlatforms) = preSolution
		Debug|Any CPU = Debug|Any CPU
		Release|Any CPU = Release|Any CPU
	EndGlobalSection
	GlobalSection(ProjectConfigurationPlatforms) = postSolution
		{EBA391B6-764A-4B55-A9D7-D503766FA156}.Debug|Any CPU.ActiveCfg = Debug|Any CPU
		{EBA391B6-764A-4B55-A9D7-D503766FA156}.Debug|Any CPU.Build.0 = Debug|Any CPU
		{EBA391B6-764A-4B55-A9D7-D503766FA156}.Release|Any CPU.ActiveCfg = Release|Any CPU
		{EBA391B6-764A-4B55-A9D7-D503766FA156}.Release|Any CPU.Build.0 = Release|Any CPU
	EndGlobalSection
EndGlobal
